// !$*UTF8*$!
{
	archiveVersion = 1;
	classes = {
	};
	objectVersion = 50;
	objects = {

/* Begin PBXBuildFile section */
		6887F41B26DD568200910C4A /* CategoriesView.swift in Sources */ = {isa = PBXBuildFile; fileRef = 6887F41A26DD568200910C4A /* CategoriesView.swift */; };
		6887F42026DD6DBD00910C4A /* CategoryPickerModel.swift in Sources */ = {isa = PBXBuildFile; fileRef = 6887F41F26DD6DBD00910C4A /* CategoryPickerModel.swift */; };
		688BA66226A0AE21009F4727 /* TransactionViewController.swift in Sources */ = {isa = PBXBuildFile; fileRef = 688BA66126A0AE21009F4727 /* TransactionViewController.swift */; };
		68DAE9082772350D0033CE7A /* DateConvertService.swift in Sources */ = {isa = PBXBuildFile; fileRef = 68DAE9072772350D0033CE7A /* DateConvertService.swift */; };
		7D0E84212790BEE700349AD4 /* UIButton + Customization.swift in Sources */ = {isa = PBXBuildFile; fileRef = 7D0E84202790BEE700349AD4 /* UIButton + Customization.swift */; };
		7D0E842D2794A32100349AD4 /* ContactsViewController.swift in Sources */ = {isa = PBXBuildFile; fileRef = 7D0E842C2794A32100349AD4 /* ContactsViewController.swift */; };
		7D0E842F2795F1F100349AD4 /* LocalDataFetcher.swift in Sources */ = {isa = PBXBuildFile; fileRef = 7D0E842E2795F1F100349AD4 /* LocalDataFetcher.swift */; };
		7D0E84312798784F00349AD4 /* ContactPhotoCell.swift in Sources */ = {isa = PBXBuildFile; fileRef = 7D0E84302798784F00349AD4 /* ContactPhotoCell.swift */; };
		7D39A1DF27A9981500940EA3 /* UILabel + Default.swift in Sources */ = {isa = PBXBuildFile; fileRef = 7D39A1DE27A9981500940EA3 /* UILabel + Default.swift */; };
		7D39A20427AFD50F00940EA3 /* Theme.swift in Sources */ = {isa = PBXBuildFile; fileRef = 7D39A20327AFD50F00940EA3 /* Theme.swift */; };
		7D39A20627AFD5B500940EA3 /* Persist.swift in Sources */ = {isa = PBXBuildFile; fileRef = 7D39A20527AFD5B500940EA3 /* Persist.swift */; };
		7D39A20C27B1B49700940EA3 /* UIViewController + Alert.swift in Sources */ = {isa = PBXBuildFile; fileRef = 7D39A20B27B1B49700940EA3 /* UIViewController + Alert.swift */; };
		7D5CF70B277B80FA00FD5D11 /* Palette.swift in Sources */ = {isa = PBXBuildFile; fileRef = 7D5CF70A277B80FA00FD5D11 /* Palette.swift */; };
		7D5CF70F277B8A6D00FD5D11 /* ContactInfoCell.swift in Sources */ = {isa = PBXBuildFile; fileRef = 7D5CF70E277B8A6D00FD5D11 /* ContactInfoCell.swift */; };
		7D5CF711277B986E00FD5D11 /* SettingsViewController.swift in Sources */ = {isa = PBXBuildFile; fileRef = 7D5CF710277B986E00FD5D11 /* SettingsViewController.swift */; };
		7D66F642275418C1007C5D66 /* StatisticViewController.swift in Sources */ = {isa = PBXBuildFile; fileRef = 7D66F641275418C1007C5D66 /* StatisticViewController.swift */; };
		7D66F644275419AB007C5D66 /* PieChartView.swift in Sources */ = {isa = PBXBuildFile; fileRef = 7D66F643275419AB007C5D66 /* PieChartView.swift */; };
		7D66F646275420B0007C5D66 /* DataFilteringService.swift in Sources */ = {isa = PBXBuildFile; fileRef = 7D66F645275420B0007C5D66 /* DataFilteringService.swift */; };
		7D66F6492757BE2B007C5D66 /* ChartCell.swift in Sources */ = {isa = PBXBuildFile; fileRef = 7D66F6482757BE2B007C5D66 /* ChartCell.swift */; };
		7D869F9627B44A6B00E2D29C /* UIColor + Hex.swift in Sources */ = {isa = PBXBuildFile; fileRef = 7D869F9527B44A6B00E2D29C /* UIColor + Hex.swift */; };
		7D90B02226DA59AA00A33930 /* CustomTableViewCell.swift in Sources */ = {isa = PBXBuildFile; fileRef = 7D90B02126DA59AA00A33930 /* CustomTableViewCell.swift */; };
		7D95391E27C23BB900C02D11 /* DataFetcherService.swift in Sources */ = {isa = PBXBuildFile; fileRef = 7D95391D27C23BB900C02D11 /* DataFetcherService.swift */; };
		7D95392B27C60A0800C02D11 /* StorageManager.swift in Sources */ = {isa = PBXBuildFile; fileRef = 7D95392A27C60A0800C02D11 /* StorageManager.swift */; };
		7DAD7E6727F8B585009AE1BD /* FinBookTests.swift in Sources */ = {isa = PBXBuildFile; fileRef = 7DAD7E6627F8B585009AE1BD /* FinBookTests.swift */; };
		7DAD7E7427F8E26E009AE1BD /* DataFilteringServiceTests.swift in Sources */ = {isa = PBXBuildFile; fileRef = 7DAD7E7327F8E26E009AE1BD /* DataFilteringServiceTests.swift */; };
		7DADB3B0269B478C0041156D /* AppDelegate.swift in Sources */ = {isa = PBXBuildFile; fileRef = 7DADB3AF269B478C0041156D /* AppDelegate.swift */; };
		7DADB3B2269B478C0041156D /* SceneDelegate.swift in Sources */ = {isa = PBXBuildFile; fileRef = 7DADB3B1269B478C0041156D /* SceneDelegate.swift */; };
		7DADB3B4269B478C0041156D /* AccountViewController.swift in Sources */ = {isa = PBXBuildFile; fileRef = 7DADB3B3269B478C0041156D /* AccountViewController.swift */; };
		7DADB3B7269B478C0041156D /* Main.storyboard in Resources */ = {isa = PBXBuildFile; fileRef = 7DADB3B5269B478C0041156D /* Main.storyboard */; };
		7DADB3BA269B478C0041156D /* Transact.xcdatamodeld in Sources */ = {isa = PBXBuildFile; fileRef = 7DADB3B8269B478C0041156D /* Transact.xcdatamodeld */; };
		7DADB3BC269B478E0041156D /* Assets.xcassets in Resources */ = {isa = PBXBuildFile; fileRef = 7DADB3BB269B478E0041156D /* Assets.xcassets */; };
		7DADB3BF269B478E0041156D /* LaunchScreen.storyboard in Resources */ = {isa = PBXBuildFile; fileRef = 7DADB3BD269B478E0041156D /* LaunchScreen.storyboard */; };
		7DADB3C9269CD19E0041156D /* CustomTabBar.swift in Sources */ = {isa = PBXBuildFile; fileRef = 7DADB3C8269CD19E0041156D /* CustomTabBar.swift */; };
		7DADB3CB269D84070041156D /* MainTabBarController.swift in Sources */ = {isa = PBXBuildFile; fileRef = 7DADB3CA269D84070041156D /* MainTabBarController.swift */; };
		7DF571412766840C00ED5FB7 /* DeveloperModel.swift in Sources */ = {isa = PBXBuildFile; fileRef = 7DF571402766840C00ED5FB7 /* DeveloperModel.swift */; };
		7DF571452766917300ED5FB7 /* developers.json in Resources */ = {isa = PBXBuildFile; fileRef = 7DF571442766917300ED5FB7 /* developers.json */; };
		7DF834EA26DC045A009EC940 /* CategoryService.swift in Sources */ = {isa = PBXBuildFile; fileRef = 7DF834E926DC045A009EC940 /* CategoryService.swift */; };
/* End PBXBuildFile section */

/* Begin PBXContainerItemProxy section */
		7DAD7E6827F8B585009AE1BD /* PBXContainerItemProxy */ = {
			isa = PBXContainerItemProxy;
			containerPortal = 7DADB3A4269B478C0041156D /* Project object */;
			proxyType = 1;
			remoteGlobalIDString = 7DADB3AB269B478C0041156D;
			remoteInfo = FinBook;
		};
		7DAD7E7527F8E26E009AE1BD /* PBXContainerItemProxy */ = {
			isa = PBXContainerItemProxy;
			containerPortal = 7DADB3A4269B478C0041156D /* Project object */;
			proxyType = 1;
			remoteGlobalIDString = 7DADB3AB269B478C0041156D;
			remoteInfo = FinBook;
		};
/* End PBXContainerItemProxy section */

/* Begin PBXFileReference section */
		6887F41A26DD568200910C4A /* CategoriesView.swift */ = {isa = PBXFileReference; lastKnownFileType = sourcecode.swift; path = CategoriesView.swift; sourceTree = "<group>"; };
		6887F41F26DD6DBD00910C4A /* CategoryPickerModel.swift */ = {isa = PBXFileReference; lastKnownFileType = sourcecode.swift; name = CategoryPickerModel.swift; path = FinBook/Models/CategoryPickerModel.swift; sourceTree = SOURCE_ROOT; };
		688BA66126A0AE21009F4727 /* TransactionViewController.swift */ = {isa = PBXFileReference; lastKnownFileType = sourcecode.swift; path = TransactionViewController.swift; sourceTree = "<group>"; };
		68DAE9072772350D0033CE7A /* DateConvertService.swift */ = {isa = PBXFileReference; lastKnownFileType = sourcecode.swift; path = DateConvertService.swift; sourceTree = "<group>"; };
		7D0E84202790BEE700349AD4 /* UIButton + Customization.swift */ = {isa = PBXFileReference; lastKnownFileType = sourcecode.swift; path = "UIButton + Customization.swift"; sourceTree = "<group>"; };
		7D0E842C2794A32100349AD4 /* ContactsViewController.swift */ = {isa = PBXFileReference; lastKnownFileType = sourcecode.swift; path = ContactsViewController.swift; sourceTree = "<group>"; };
		7D0E842E2795F1F100349AD4 /* LocalDataFetcher.swift */ = {isa = PBXFileReference; lastKnownFileType = sourcecode.swift; path = LocalDataFetcher.swift; sourceTree = "<group>"; };
		7D0E84302798784F00349AD4 /* ContactPhotoCell.swift */ = {isa = PBXFileReference; lastKnownFileType = sourcecode.swift; path = ContactPhotoCell.swift; sourceTree = "<group>"; };
		7D39A1DE27A9981500940EA3 /* UILabel + Default.swift */ = {isa = PBXFileReference; lastKnownFileType = sourcecode.swift; path = "UILabel + Default.swift"; sourceTree = "<group>"; };
		7D39A20327AFD50F00940EA3 /* Theme.swift */ = {isa = PBXFileReference; lastKnownFileType = sourcecode.swift; path = Theme.swift; sourceTree = "<group>"; };
		7D39A20527AFD5B500940EA3 /* Persist.swift */ = {isa = PBXFileReference; lastKnownFileType = sourcecode.swift; path = Persist.swift; sourceTree = "<group>"; };
		7D39A20B27B1B49700940EA3 /* UIViewController + Alert.swift */ = {isa = PBXFileReference; lastKnownFileType = sourcecode.swift; path = "UIViewController + Alert.swift"; sourceTree = "<group>"; };
		7D5CF70A277B80FA00FD5D11 /* Palette.swift */ = {isa = PBXFileReference; fileEncoding = 4; lastKnownFileType = sourcecode.swift; path = Palette.swift; sourceTree = "<group>"; };
		7D5CF70E277B8A6D00FD5D11 /* ContactInfoCell.swift */ = {isa = PBXFileReference; fileEncoding = 4; lastKnownFileType = sourcecode.swift; path = ContactInfoCell.swift; sourceTree = "<group>"; };
		7D5CF710277B986E00FD5D11 /* SettingsViewController.swift */ = {isa = PBXFileReference; lastKnownFileType = sourcecode.swift; path = SettingsViewController.swift; sourceTree = "<group>"; };
		7D66F641275418C1007C5D66 /* StatisticViewController.swift */ = {isa = PBXFileReference; lastKnownFileType = sourcecode.swift; path = StatisticViewController.swift; sourceTree = "<group>"; };
		7D66F643275419AB007C5D66 /* PieChartView.swift */ = {isa = PBXFileReference; lastKnownFileType = sourcecode.swift; path = PieChartView.swift; sourceTree = "<group>"; };
		7D66F645275420B0007C5D66 /* DataFilteringService.swift */ = {isa = PBXFileReference; lastKnownFileType = sourcecode.swift; path = DataFilteringService.swift; sourceTree = "<group>"; };
		7D66F6482757BE2B007C5D66 /* ChartCell.swift */ = {isa = PBXFileReference; lastKnownFileType = sourcecode.swift; path = ChartCell.swift; sourceTree = "<group>"; };
		7D869F9527B44A6B00E2D29C /* UIColor + Hex.swift */ = {isa = PBXFileReference; lastKnownFileType = sourcecode.swift; path = "UIColor + Hex.swift"; sourceTree = "<group>"; };
		7D90B02126DA59AA00A33930 /* CustomTableViewCell.swift */ = {isa = PBXFileReference; lastKnownFileType = sourcecode.swift; path = CustomTableViewCell.swift; sourceTree = "<group>"; };
		7D95391D27C23BB900C02D11 /* DataFetcherService.swift */ = {isa = PBXFileReference; lastKnownFileType = sourcecode.swift; path = DataFetcherService.swift; sourceTree = "<group>"; };
		7D95392A27C60A0800C02D11 /* StorageManager.swift */ = {isa = PBXFileReference; fileEncoding = 4; lastKnownFileType = sourcecode.swift; path = StorageManager.swift; sourceTree = "<group>"; };
		7DAD7E6427F8B584009AE1BD /* FinBookTests.xctest */ = {isa = PBXFileReference; explicitFileType = wrapper.cfbundle; includeInIndex = 0; path = FinBookTests.xctest; sourceTree = BUILT_PRODUCTS_DIR; };
		7DAD7E6627F8B585009AE1BD /* FinBookTests.swift */ = {isa = PBXFileReference; lastKnownFileType = sourcecode.swift; path = FinBookTests.swift; sourceTree = "<group>"; };
		7DAD7E7127F8E26E009AE1BD /* DataFilteringServiceTests.xctest */ = {isa = PBXFileReference; explicitFileType = wrapper.cfbundle; includeInIndex = 0; path = DataFilteringServiceTests.xctest; sourceTree = BUILT_PRODUCTS_DIR; };
		7DAD7E7327F8E26E009AE1BD /* DataFilteringServiceTests.swift */ = {isa = PBXFileReference; lastKnownFileType = sourcecode.swift; path = DataFilteringServiceTests.swift; sourceTree = "<group>"; };
		7DADB3AC269B478C0041156D /* FinBook.app */ = {isa = PBXFileReference; explicitFileType = wrapper.application; includeInIndex = 0; path = FinBook.app; sourceTree = BUILT_PRODUCTS_DIR; };
		7DADB3AF269B478C0041156D /* AppDelegate.swift */ = {isa = PBXFileReference; lastKnownFileType = sourcecode.swift; path = AppDelegate.swift; sourceTree = "<group>"; };
		7DADB3B1269B478C0041156D /* SceneDelegate.swift */ = {isa = PBXFileReference; lastKnownFileType = sourcecode.swift; path = SceneDelegate.swift; sourceTree = "<group>"; };
		7DADB3B3269B478C0041156D /* AccountViewController.swift */ = {isa = PBXFileReference; lastKnownFileType = sourcecode.swift; path = AccountViewController.swift; sourceTree = "<group>"; };
		7DADB3B6269B478C0041156D /* Base */ = {isa = PBXFileReference; lastKnownFileType = file.storyboard; name = Base; path = Base.lproj/Main.storyboard; sourceTree = "<group>"; };
		7DADB3B9269B478C0041156D /* FinBook.xcdatamodel */ = {isa = PBXFileReference; lastKnownFileType = wrapper.xcdatamodel; path = FinBook.xcdatamodel; sourceTree = "<group>"; };
		7DADB3BB269B478E0041156D /* Assets.xcassets */ = {isa = PBXFileReference; lastKnownFileType = folder.assetcatalog; path = Assets.xcassets; sourceTree = "<group>"; };
		7DADB3BE269B478E0041156D /* Base */ = {isa = PBXFileReference; lastKnownFileType = file.storyboard; name = Base; path = Base.lproj/LaunchScreen.storyboard; sourceTree = "<group>"; };
		7DADB3C0269B478E0041156D /* Info.plist */ = {isa = PBXFileReference; lastKnownFileType = text.plist.xml; path = Info.plist; sourceTree = "<group>"; };
		7DADB3C8269CD19E0041156D /* CustomTabBar.swift */ = {isa = PBXFileReference; lastKnownFileType = sourcecode.swift; path = CustomTabBar.swift; sourceTree = "<group>"; };
		7DADB3CA269D84070041156D /* MainTabBarController.swift */ = {isa = PBXFileReference; lastKnownFileType = sourcecode.swift; path = MainTabBarController.swift; sourceTree = "<group>"; };
		7DF571402766840C00ED5FB7 /* DeveloperModel.swift */ = {isa = PBXFileReference; lastKnownFileType = sourcecode.swift; path = DeveloperModel.swift; sourceTree = "<group>"; };
		7DF571442766917300ED5FB7 /* developers.json */ = {isa = PBXFileReference; fileEncoding = 4; lastKnownFileType = text.json; path = developers.json; sourceTree = "<group>"; };
		7DF834E926DC045A009EC940 /* CategoryService.swift */ = {isa = PBXFileReference; lastKnownFileType = sourcecode.swift; path = CategoryService.swift; sourceTree = "<group>"; };
/* End PBXFileReference section */

/* Begin PBXFrameworksBuildPhase section */
		7DAD7E6127F8B584009AE1BD /* Frameworks */ = {
			isa = PBXFrameworksBuildPhase;
			buildActionMask = 2147483647;
			files = (
			);
			runOnlyForDeploymentPostprocessing = 0;
		};
		7DAD7E6E27F8E26E009AE1BD /* Frameworks */ = {
			isa = PBXFrameworksBuildPhase;
			buildActionMask = 2147483647;
			files = (
			);
			runOnlyForDeploymentPostprocessing = 0;
		};
		7DADB3A9269B478C0041156D /* Frameworks */ = {
			isa = PBXFrameworksBuildPhase;
			buildActionMask = 2147483647;
			files = (
			);
			runOnlyForDeploymentPostprocessing = 0;
		};
/* End PBXFrameworksBuildPhase section */

/* Begin PBXGroup section */
		6813DEE5269F711000AA408F /* Controllers */ = {
			isa = PBXGroup;
			children = (
				7DADB3B3269B478C0041156D /* AccountViewController.swift */,
				688BA66126A0AE21009F4727 /* TransactionViewController.swift */,
				7D66F641275418C1007C5D66 /* StatisticViewController.swift */,
				7D0E842C2794A32100349AD4 /* ContactsViewController.swift */,
				7D5CF710277B986E00FD5D11 /* SettingsViewController.swift */,
				7DF834EB26DC0828009EC940 /* TabBarController */,
			);
			path = Controllers;
			sourceTree = "<group>";
		};
		6813DEE626A07C7500AA408F /* Models */ = {
			isa = PBXGroup;
			children = (
				7DADB3B8269B478C0041156D /* Transact.xcdatamodeld */,
				6887F41F26DD6DBD00910C4A /* CategoryPickerModel.swift */,
				7DF571402766840C00ED5FB7 /* DeveloperModel.swift */,
			);
			path = Models;
			sourceTree = "<group>";
		};
		6887F41C26DD5AEF00910C4A /* Views */ = {
			isa = PBXGroup;
			children = (
				7D95392527C5779600C02D11 /* CustomView */,
				7D66F6472757BDF6007C5D66 /* Cell */,
			);
			path = Views;
			sourceTree = "<group>";
		};
		6887F41E26DD5B9F00910C4A /* Storyboars */ = {
			isa = PBXGroup;
			children = (
				7DADB3B5269B478C0041156D /* Main.storyboard */,
				7DADB3BD269B478E0041156D /* LaunchScreen.storyboard */,
			);
			path = Storyboars;
			sourceTree = "<group>";
		};
		7D66F6472757BDF6007C5D66 /* Cell */ = {
			isa = PBXGroup;
			children = (
				7D90B02126DA59AA00A33930 /* CustomTableViewCell.swift */,
				7D66F6482757BE2B007C5D66 /* ChartCell.swift */,
				7D5CF70E277B8A6D00FD5D11 /* ContactInfoCell.swift */,
				7D0E84302798784F00349AD4 /* ContactPhotoCell.swift */,
			);
			path = Cell;
			sourceTree = "<group>";
		};
		7D95391F27C572BF00C02D11 /* Supporting Files */ = {
			isa = PBXGroup;
			children = (
				7DADB3BB269B478E0041156D /* Assets.xcassets */,
				7DADB3C0269B478E0041156D /* Info.plist */,
			);
			path = "Supporting Files";
			sourceTree = "<group>";
		};
		7D95392527C5779600C02D11 /* CustomView */ = {
			isa = PBXGroup;
			children = (
				6887F41A26DD568200910C4A /* CategoriesView.swift */,
				7D66F643275419AB007C5D66 /* PieChartView.swift */,
			);
			path = CustomView;
			sourceTree = "<group>";
		};
		7D95392827C6096C00C02D11 /* Extensions */ = {
			isa = PBXGroup;
			children = (
				7D0E84202790BEE700349AD4 /* UIButton + Customization.swift */,
				7D39A1DE27A9981500940EA3 /* UILabel + Default.swift */,
				7D39A20B27B1B49700940EA3 /* UIViewController + Alert.swift */,
				7D869F9527B44A6B00E2D29C /* UIColor + Hex.swift */,
			);
			name = Extensions;
			path = Extension/Extensions;
			sourceTree = "<group>";
		};
		7D95392927C6098900C02D11 /* Services */ = {
			isa = PBXGroup;
			children = (
				7DF834E926DC045A009EC940 /* CategoryService.swift */,
				68DAE9072772350D0033CE7A /* DateConvertService.swift */,
				7D66F645275420B0007C5D66 /* DataFilteringService.swift */,
				7D95392A27C60A0800C02D11 /* StorageManager.swift */,
				7D39A20327AFD50F00940EA3 /* Theme.swift */,
				7D5CF70A277B80FA00FD5D11 /* Palette.swift */,
				7D39A20527AFD5B500940EA3 /* Persist.swift */,
				7D95391D27C23BB900C02D11 /* DataFetcherService.swift */,
				7D0E842E2795F1F100349AD4 /* LocalDataFetcher.swift */,
			);
			path = Services;
			sourceTree = "<group>";
		};
		7DAD7E6527F8B585009AE1BD /* FinBookTests */ = {
			isa = PBXGroup;
			children = (
				7DAD7E6627F8B585009AE1BD /* FinBookTests.swift */,
			);
			path = FinBookTests;
			sourceTree = "<group>";
		};
		7DAD7E7227F8E26E009AE1BD /* DataFilteringServiceTests */ = {
			isa = PBXGroup;
			children = (
				7DAD7E7327F8E26E009AE1BD /* DataFilteringServiceTests.swift */,
			);
			path = DataFilteringServiceTests;
			sourceTree = "<group>";
		};
		7DADB3A3269B478C0041156D = {
			isa = PBXGroup;
			children = (
				7DADB3AE269B478C0041156D /* FinBook */,
				7DAD7E6527F8B585009AE1BD /* FinBookTests */,
				7DAD7E7227F8E26E009AE1BD /* DataFilteringServiceTests */,
				7DADB3AD269B478C0041156D /* Products */,
			);
			sourceTree = "<group>";
		};
		7DADB3AD269B478C0041156D /* Products */ = {
			isa = PBXGroup;
			children = (
				7DADB3AC269B478C0041156D /* FinBook.app */,
				7DAD7E6427F8B584009AE1BD /* FinBookTests.xctest */,
				7DAD7E7127F8E26E009AE1BD /* DataFilteringServiceTests.xctest */,
			);
			name = Products;
			sourceTree = "<group>";
		};
		7DADB3AE269B478C0041156D /* FinBook */ = {
			isa = PBXGroup;
			children = (
				6887F41E26DD5B9F00910C4A /* Storyboars */,
				6813DEE5269F711000AA408F /* Controllers */,
				6813DEE626A07C7500AA408F /* Models */,
				6887F41C26DD5AEF00910C4A /* Views */,
				7D95392927C6098900C02D11 /* Services */,
				7DF5713D2766738600ED5FB7 /* JSONData */,
				7D95392827C6096C00C02D11 /* Extensions */,
				7D95391F27C572BF00C02D11 /* Supporting Files */,
				7DADB3AF269B478C0041156D /* AppDelegate.swift */,
				7DADB3B1269B478C0041156D /* SceneDelegate.swift */,
			);
			path = FinBook;
			sourceTree = "<group>";
		};
		7DF5713D2766738600ED5FB7 /* JSONData */ = {
			isa = PBXGroup;
			children = (
				7DF571442766917300ED5FB7 /* developers.json */,
			);
			path = JSONData;
			sourceTree = "<group>";
		};
		7DF834EB26DC0828009EC940 /* TabBarController */ = {
			isa = PBXGroup;
			children = (
				7DADB3CA269D84070041156D /* MainTabBarController.swift */,
				7DADB3C8269CD19E0041156D /* CustomTabBar.swift */,
			);
			path = TabBarController;
			sourceTree = "<group>";
		};
/* End PBXGroup section */

/* Begin PBXNativeTarget section */
		7DAD7E6327F8B584009AE1BD /* FinBookTests */ = {
			isa = PBXNativeTarget;
			buildConfigurationList = 7DAD7E6C27F8B585009AE1BD /* Build configuration list for PBXNativeTarget "FinBookTests" */;
			buildPhases = (
				7DAD7E6027F8B584009AE1BD /* Sources */,
				7DAD7E6127F8B584009AE1BD /* Frameworks */,
				7DAD7E6227F8B584009AE1BD /* Resources */,
			);
			buildRules = (
			);
			dependencies = (
				7DAD7E6927F8B585009AE1BD /* PBXTargetDependency */,
			);
			name = FinBookTests;
			productName = FinBookTests;
			productReference = 7DAD7E6427F8B584009AE1BD /* FinBookTests.xctest */;
			productType = "com.apple.product-type.bundle.unit-test";
		};
		7DAD7E7027F8E26E009AE1BD /* DataFilteringServiceTests */ = {
			isa = PBXNativeTarget;
			buildConfigurationList = 7DAD7E7727F8E26E009AE1BD /* Build configuration list for PBXNativeTarget "DataFilteringServiceTests" */;
			buildPhases = (
				7DAD7E6D27F8E26E009AE1BD /* Sources */,
				7DAD7E6E27F8E26E009AE1BD /* Frameworks */,
				7DAD7E6F27F8E26E009AE1BD /* Resources */,
			);
			buildRules = (
			);
			dependencies = (
				7DAD7E7627F8E26E009AE1BD /* PBXTargetDependency */,
			);
			name = DataFilteringServiceTests;
			productName = DataFilteringServiceTests;
			productReference = 7DAD7E7127F8E26E009AE1BD /* DataFilteringServiceTests.xctest */;
			productType = "com.apple.product-type.bundle.unit-test";
		};
		7DADB3AB269B478C0041156D /* FinBook */ = {
			isa = PBXNativeTarget;
			buildConfigurationList = 7DADB3C3269B478E0041156D /* Build configuration list for PBXNativeTarget "FinBook" */;
			buildPhases = (
				7DADB3A8269B478C0041156D /* Sources */,
				7DADB3A9269B478C0041156D /* Frameworks */,
				7DADB3AA269B478C0041156D /* Resources */,
			);
			buildRules = (
			);
			dependencies = (
			);
			name = FinBook;
			productName = FinBook;
			productReference = 7DADB3AC269B478C0041156D /* FinBook.app */;
			productType = "com.apple.product-type.application";
		};
/* End PBXNativeTarget section */

/* Begin PBXProject section */
		7DADB3A4269B478C0041156D /* Project object */ = {
			isa = PBXProject;
			attributes = {
				LastSwiftUpdateCheck = 1330;
				LastUpgradeCheck = 1250;
				TargetAttributes = {
					7DAD7E6327F8B584009AE1BD = {
						CreatedOnToolsVersion = 13.3;
						TestTargetID = 7DADB3AB269B478C0041156D;
					};
					7DAD7E7027F8E26E009AE1BD = {
						CreatedOnToolsVersion = 13.3;
						TestTargetID = 7DADB3AB269B478C0041156D;
					};
					7DADB3AB269B478C0041156D = {
						CreatedOnToolsVersion = 12.5.1;
					};
				};
			};
			buildConfigurationList = 7DADB3A7269B478C0041156D /* Build configuration list for PBXProject "FinBook" */;
			compatibilityVersion = "Xcode 9.3";
			developmentRegion = en;
			hasScannedForEncodings = 0;
			knownRegions = (
				en,
				Base,
			);
			mainGroup = 7DADB3A3269B478C0041156D;
			productRefGroup = 7DADB3AD269B478C0041156D /* Products */;
			projectDirPath = "";
			projectRoot = "";
			targets = (
				7DADB3AB269B478C0041156D /* FinBook */,
				7DAD7E6327F8B584009AE1BD /* FinBookTests */,
				7DAD7E7027F8E26E009AE1BD /* DataFilteringServiceTests */,
			);
		};
/* End PBXProject section */

/* Begin PBXResourcesBuildPhase section */
		7DAD7E6227F8B584009AE1BD /* Resources */ = {
			isa = PBXResourcesBuildPhase;
			buildActionMask = 2147483647;
			files = (
			);
			runOnlyForDeploymentPostprocessing = 0;
		};
		7DAD7E6F27F8E26E009AE1BD /* Resources */ = {
			isa = PBXResourcesBuildPhase;
			buildActionMask = 2147483647;
			files = (
			);
			runOnlyForDeploymentPostprocessing = 0;
		};
		7DADB3AA269B478C0041156D /* Resources */ = {
			isa = PBXResourcesBuildPhase;
			buildActionMask = 2147483647;
			files = (
				7DF571452766917300ED5FB7 /* developers.json in Resources */,
				7DADB3BF269B478E0041156D /* LaunchScreen.storyboard in Resources */,
				7DADB3BC269B478E0041156D /* Assets.xcassets in Resources */,
				7DADB3B7269B478C0041156D /* Main.storyboard in Resources */,
			);
			runOnlyForDeploymentPostprocessing = 0;
		};
/* End PBXResourcesBuildPhase section */

/* Begin PBXSourcesBuildPhase section */
		7DAD7E6027F8B584009AE1BD /* Sources */ = {
			isa = PBXSourcesBuildPhase;
			buildActionMask = 2147483647;
			files = (
				7DAD7E6727F8B585009AE1BD /* FinBookTests.swift in Sources */,
			);
			runOnlyForDeploymentPostprocessing = 0;
		};
		7DAD7E6D27F8E26E009AE1BD /* Sources */ = {
			isa = PBXSourcesBuildPhase;
			buildActionMask = 2147483647;
			files = (
				7DAD7E7427F8E26E009AE1BD /* DataFilteringServiceTests.swift in Sources */,
			);
			runOnlyForDeploymentPostprocessing = 0;
		};
		7DADB3A8269B478C0041156D /* Sources */ = {
			isa = PBXSourcesBuildPhase;
			buildActionMask = 2147483647;
			files = (
				7D90B02226DA59AA00A33930 /* CustomTableViewCell.swift in Sources */,
				7D95391E27C23BB900C02D11 /* DataFetcherService.swift in Sources */,
				7D39A20C27B1B49700940EA3 /* UIViewController + Alert.swift in Sources */,
				7D66F6492757BE2B007C5D66 /* ChartCell.swift in Sources */,
				7D66F642275418C1007C5D66 /* StatisticViewController.swift in Sources */,
				7D0E84212790BEE700349AD4 /* UIButton + Customization.swift in Sources */,
				7D39A20627AFD5B500940EA3 /* Persist.swift in Sources */,
				7DADB3BA269B478C0041156D /* Transact.xcdatamodeld in Sources */,
				7DADB3B4269B478C0041156D /* AccountViewController.swift in Sources */,
				7D869F9627B44A6B00E2D29C /* UIColor + Hex.swift in Sources */,
				7DADB3CB269D84070041156D /* MainTabBarController.swift in Sources */,
				7D66F644275419AB007C5D66 /* PieChartView.swift in Sources */,
				6887F42026DD6DBD00910C4A /* CategoryPickerModel.swift in Sources */,
				7D0E842F2795F1F100349AD4 /* LocalDataFetcher.swift in Sources */,
				7D5CF70F277B8A6D00FD5D11 /* ContactInfoCell.swift in Sources */,
				688BA66226A0AE21009F4727 /* TransactionViewController.swift in Sources */,
				68DAE9082772350D0033CE7A /* DateConvertService.swift in Sources */,
				7DADB3B0269B478C0041156D /* AppDelegate.swift in Sources */,
				7D0E84312798784F00349AD4 /* ContactPhotoCell.swift in Sources */,
				7D0E842D2794A32100349AD4 /* ContactsViewController.swift in Sources */,
				7D66F646275420B0007C5D66 /* DataFilteringService.swift in Sources */,
				7DADB3C9269CD19E0041156D /* CustomTabBar.swift in Sources */,
				7D5CF70B277B80FA00FD5D11 /* Palette.swift in Sources */,
				6887F41B26DD568200910C4A /* CategoriesView.swift in Sources */,
				7D39A1DF27A9981500940EA3 /* UILabel + Default.swift in Sources */,
				7DADB3B2269B478C0041156D /* SceneDelegate.swift in Sources */,
				7D5CF711277B986E00FD5D11 /* SettingsViewController.swift in Sources */,
				7DF834EA26DC045A009EC940 /* CategoryService.swift in Sources */,
				7DF571412766840C00ED5FB7 /* DeveloperModel.swift in Sources */,
				7D39A20427AFD50F00940EA3 /* Theme.swift in Sources */,
				7D95392B27C60A0800C02D11 /* StorageManager.swift in Sources */,
			);
			runOnlyForDeploymentPostprocessing = 0;
		};
/* End PBXSourcesBuildPhase section */

/* Begin PBXTargetDependency section */
		7DAD7E6927F8B585009AE1BD /* PBXTargetDependency */ = {
			isa = PBXTargetDependency;
			target = 7DADB3AB269B478C0041156D /* FinBook */;
			targetProxy = 7DAD7E6827F8B585009AE1BD /* PBXContainerItemProxy */;
		};
		7DAD7E7627F8E26E009AE1BD /* PBXTargetDependency */ = {
			isa = PBXTargetDependency;
			target = 7DADB3AB269B478C0041156D /* FinBook */;
			targetProxy = 7DAD7E7527F8E26E009AE1BD /* PBXContainerItemProxy */;
		};
/* End PBXTargetDependency section */

/* Begin PBXVariantGroup section */
		7DADB3B5269B478C0041156D /* Main.storyboard */ = {
			isa = PBXVariantGroup;
			children = (
				7DADB3B6269B478C0041156D /* Base */,
			);
			name = Main.storyboard;
			sourceTree = "<group>";
		};
		7DADB3BD269B478E0041156D /* LaunchScreen.storyboard */ = {
			isa = PBXVariantGroup;
			children = (
				7DADB3BE269B478E0041156D /* Base */,
			);
			name = LaunchScreen.storyboard;
			sourceTree = "<group>";
		};
/* End PBXVariantGroup section */

/* Begin XCBuildConfiguration section */
		7DAD7E6A27F8B585009AE1BD /* Debug */ = {
			isa = XCBuildConfiguration;
			buildSettings = {
				BUNDLE_LOADER = "$(TEST_HOST)";
				CLANG_CXX_LANGUAGE_STANDARD = "gnu++17";
				CODE_SIGN_STYLE = Automatic;
				CURRENT_PROJECT_VERSION = 1;
				DEVELOPMENT_TEAM = WJM24K3YHR;
				GENERATE_INFOPLIST_FILE = YES;
				IPHONEOS_DEPLOYMENT_TARGET = 15.4;
				MARKETING_VERSION = 1.0;
				PRODUCT_BUNDLE_IDENTIFIER = "com.Rubis-Vladimir.FinBookTests";
				PRODUCT_NAME = "$(TARGET_NAME)";
				SWIFT_EMIT_LOC_STRINGS = NO;
				SWIFT_VERSION = 5.0;
				TARGETED_DEVICE_FAMILY = "1,2";
				TEST_HOST = "$(BUILT_PRODUCTS_DIR)/FinBook.app/FinBook";
			};
			name = Debug;
		};
		7DAD7E6B27F8B585009AE1BD /* Release */ = {
			isa = XCBuildConfiguration;
			buildSettings = {
				BUNDLE_LOADER = "$(TEST_HOST)";
				CLANG_CXX_LANGUAGE_STANDARD = "gnu++17";
				CODE_SIGN_STYLE = Automatic;
				CURRENT_PROJECT_VERSION = 1;
				DEVELOPMENT_TEAM = WJM24K3YHR;
				GENERATE_INFOPLIST_FILE = YES;
				IPHONEOS_DEPLOYMENT_TARGET = 15.4;
				MARKETING_VERSION = 1.0;
				PRODUCT_BUNDLE_IDENTIFIER = "com.Rubis-Vladimir.FinBookTests";
				PRODUCT_NAME = "$(TARGET_NAME)";
				SWIFT_EMIT_LOC_STRINGS = NO;
				SWIFT_VERSION = 5.0;
				TARGETED_DEVICE_FAMILY = "1,2";
				TEST_HOST = "$(BUILT_PRODUCTS_DIR)/FinBook.app/FinBook";
			};
			name = Release;
		};
		7DAD7E7827F8E26E009AE1BD /* Debug */ = {
			isa = XCBuildConfiguration;
			buildSettings = {
				BUNDLE_LOADER = "$(TEST_HOST)";
				CLANG_CXX_LANGUAGE_STANDARD = "gnu++17";
				CODE_SIGN_STYLE = Automatic;
				CURRENT_PROJECT_VERSION = 1;
				DEVELOPMENT_TEAM = WJM24K3YHR;
				GENERATE_INFOPLIST_FILE = YES;
				IPHONEOS_DEPLOYMENT_TARGET = 15.4;
				MARKETING_VERSION = 1.0;
				PRODUCT_BUNDLE_IDENTIFIER = "com.Rubis-Vladimir.DataFilteringServiceTests";
				PRODUCT_NAME = "$(TARGET_NAME)";
				SWIFT_EMIT_LOC_STRINGS = NO;
				SWIFT_VERSION = 5.0;
				TARGETED_DEVICE_FAMILY = "1,2";
				TEST_HOST = "$(BUILT_PRODUCTS_DIR)/FinBook.app/FinBook";
			};
			name = Debug;
		};
		7DAD7E7927F8E26E009AE1BD /* Release */ = {
			isa = XCBuildConfiguration;
			buildSettings = {
				BUNDLE_LOADER = "$(TEST_HOST)";
				CLANG_CXX_LANGUAGE_STANDARD = "gnu++17";
				CODE_SIGN_STYLE = Automatic;
				CURRENT_PROJECT_VERSION = 1;
				DEVELOPMENT_TEAM = WJM24K3YHR;
				GENERATE_INFOPLIST_FILE = YES;
				IPHONEOS_DEPLOYMENT_TARGET = 15.4;
				MARKETING_VERSION = 1.0;
				PRODUCT_BUNDLE_IDENTIFIER = "com.Rubis-Vladimir.DataFilteringServiceTests";
				PRODUCT_NAME = "$(TARGET_NAME)";
				SWIFT_EMIT_LOC_STRINGS = NO;
				SWIFT_VERSION = 5.0;
				TARGETED_DEVICE_FAMILY = "1,2";
				TEST_HOST = "$(BUILT_PRODUCTS_DIR)/FinBook.app/FinBook";
			};
			name = Release;
		};
		7DADB3C1269B478E0041156D /* Debug */ = {
			isa = XCBuildConfiguration;
			buildSettings = {
				ALWAYS_SEARCH_USER_PATHS = NO;
				CLANG_ANALYZER_NONNULL = YES;
				CLANG_ANALYZER_NUMBER_OBJECT_CONVERSION = YES_AGGRESSIVE;
				CLANG_CXX_LANGUAGE_STANDARD = "gnu++14";
				CLANG_CXX_LIBRARY = "libc++";
				CLANG_ENABLE_MODULES = YES;
				CLANG_ENABLE_OBJC_ARC = YES;
				CLANG_ENABLE_OBJC_WEAK = YES;
				CLANG_WARN_BLOCK_CAPTURE_AUTORELEASING = YES;
				CLANG_WARN_BOOL_CONVERSION = YES;
				CLANG_WARN_COMMA = YES;
				CLANG_WARN_CONSTANT_CONVERSION = YES;
				CLANG_WARN_DEPRECATED_OBJC_IMPLEMENTATIONS = YES;
				CLANG_WARN_DIRECT_OBJC_ISA_USAGE = YES_ERROR;
				CLANG_WARN_DOCUMENTATION_COMMENTS = YES;
				CLANG_WARN_EMPTY_BODY = YES;
				CLANG_WARN_ENUM_CONVERSION = YES;
				CLANG_WARN_INFINITE_RECURSION = YES;
				CLANG_WARN_INT_CONVERSION = YES;
				CLANG_WARN_NON_LITERAL_NULL_CONVERSION = YES;
				CLANG_WARN_OBJC_IMPLICIT_RETAIN_SELF = YES;
				CLANG_WARN_OBJC_LITERAL_CONVERSION = YES;
				CLANG_WARN_OBJC_ROOT_CLASS = YES_ERROR;
				CLANG_WARN_QUOTED_INCLUDE_IN_FRAMEWORK_HEADER = YES;
				CLANG_WARN_RANGE_LOOP_ANALYSIS = YES;
				CLANG_WARN_STRICT_PROTOTYPES = YES;
				CLANG_WARN_SUSPICIOUS_MOVE = YES;
				CLANG_WARN_UNGUARDED_AVAILABILITY = YES_AGGRESSIVE;
				CLANG_WARN_UNREACHABLE_CODE = YES;
				CLANG_WARN__DUPLICATE_METHOD_MATCH = YES;
				COPY_PHASE_STRIP = NO;
				DEBUG_INFORMATION_FORMAT = dwarf;
				ENABLE_STRICT_OBJC_MSGSEND = YES;
				ENABLE_TESTABILITY = YES;
				GCC_C_LANGUAGE_STANDARD = gnu11;
				GCC_DYNAMIC_NO_PIC = NO;
				GCC_NO_COMMON_BLOCKS = YES;
				GCC_OPTIMIZATION_LEVEL = 0;
				GCC_PREPROCESSOR_DEFINITIONS = (
					"DEBUG=1",
					"$(inherited)",
				);
				GCC_WARN_64_TO_32_BIT_CONVERSION = YES;
				GCC_WARN_ABOUT_RETURN_TYPE = YES_ERROR;
				GCC_WARN_UNDECLARED_SELECTOR = YES;
				GCC_WARN_UNINITIALIZED_AUTOS = YES_AGGRESSIVE;
				GCC_WARN_UNUSED_FUNCTION = YES;
				GCC_WARN_UNUSED_VARIABLE = YES;
				IPHONEOS_DEPLOYMENT_TARGET = 14.0;
				MTL_ENABLE_DEBUG_INFO = INCLUDE_SOURCE;
				MTL_FAST_MATH = YES;
				ONLY_ACTIVE_ARCH = YES;
				SDKROOT = iphoneos;
				SWIFT_ACTIVE_COMPILATION_CONDITIONS = DEBUG;
				SWIFT_OPTIMIZATION_LEVEL = "-Onone";
			};
			name = Debug;
		};
		7DADB3C2269B478E0041156D /* Release */ = {
			isa = XCBuildConfiguration;
			buildSettings = {
				ALWAYS_SEARCH_USER_PATHS = NO;
				CLANG_ANALYZER_NONNULL = YES;
				CLANG_ANALYZER_NUMBER_OBJECT_CONVERSION = YES_AGGRESSIVE;
				CLANG_CXX_LANGUAGE_STANDARD = "gnu++14";
				CLANG_CXX_LIBRARY = "libc++";
				CLANG_ENABLE_MODULES = YES;
				CLANG_ENABLE_OBJC_ARC = YES;
				CLANG_ENABLE_OBJC_WEAK = YES;
				CLANG_WARN_BLOCK_CAPTURE_AUTORELEASING = YES;
				CLANG_WARN_BOOL_CONVERSION = YES;
				CLANG_WARN_COMMA = YES;
				CLANG_WARN_CONSTANT_CONVERSION = YES;
				CLANG_WARN_DEPRECATED_OBJC_IMPLEMENTATIONS = YES;
				CLANG_WARN_DIRECT_OBJC_ISA_USAGE = YES_ERROR;
				CLANG_WARN_DOCUMENTATION_COMMENTS = YES;
				CLANG_WARN_EMPTY_BODY = YES;
				CLANG_WARN_ENUM_CONVERSION = YES;
				CLANG_WARN_INFINITE_RECURSION = YES;
				CLANG_WARN_INT_CONVERSION = YES;
				CLANG_WARN_NON_LITERAL_NULL_CONVERSION = YES;
				CLANG_WARN_OBJC_IMPLICIT_RETAIN_SELF = YES;
				CLANG_WARN_OBJC_LITERAL_CONVERSION = YES;
				CLANG_WARN_OBJC_ROOT_CLASS = YES_ERROR;
				CLANG_WARN_QUOTED_INCLUDE_IN_FRAMEWORK_HEADER = YES;
				CLANG_WARN_RANGE_LOOP_ANALYSIS = YES;
				CLANG_WARN_STRICT_PROTOTYPES = YES;
				CLANG_WARN_SUSPICIOUS_MOVE = YES;
				CLANG_WARN_UNGUARDED_AVAILABILITY = YES_AGGRESSIVE;
				CLANG_WARN_UNREACHABLE_CODE = YES;
				CLANG_WARN__DUPLICATE_METHOD_MATCH = YES;
				COPY_PHASE_STRIP = NO;
				DEBUG_INFORMATION_FORMAT = "dwarf-with-dsym";
				ENABLE_NS_ASSERTIONS = NO;
				ENABLE_STRICT_OBJC_MSGSEND = YES;
				GCC_C_LANGUAGE_STANDARD = gnu11;
				GCC_NO_COMMON_BLOCKS = YES;
				GCC_WARN_64_TO_32_BIT_CONVERSION = YES;
				GCC_WARN_ABOUT_RETURN_TYPE = YES_ERROR;
				GCC_WARN_UNDECLARED_SELECTOR = YES;
				GCC_WARN_UNINITIALIZED_AUTOS = YES_AGGRESSIVE;
				GCC_WARN_UNUSED_FUNCTION = YES;
				GCC_WARN_UNUSED_VARIABLE = YES;
				IPHONEOS_DEPLOYMENT_TARGET = 14.0;
				MTL_ENABLE_DEBUG_INFO = NO;
				MTL_FAST_MATH = YES;
				SDKROOT = iphoneos;
				SWIFT_COMPILATION_MODE = wholemodule;
				SWIFT_OPTIMIZATION_LEVEL = "-O";
				VALIDATE_PRODUCT = YES;
			};
			name = Release;
		};
		7DADB3C4269B478E0041156D /* Debug */ = {
			isa = XCBuildConfiguration;
			buildSettings = {
				ASSETCATALOG_COMPILER_APPICON_NAME = AppIcon;
				ASSETCATALOG_COMPILER_GLOBAL_ACCENT_COLOR_NAME = AccentColor;
				CODE_SIGN_IDENTITY = "Apple Development";
				CODE_SIGN_STYLE = Automatic;
				DEVELOPMENT_TEAM = PK5GMP355X;
				INFOPLIST_FILE = "FinBook/Supporting Files/Info.plist";
				IPHONEOS_DEPLOYMENT_TARGET = 15.0;
				LD_RUNPATH_SEARCH_PATHS = (
					"$(inherited)",
					"@executable_path/Frameworks",
				);
				PRODUCT_BUNDLE_IDENTIFIER = com.Kelevra;
				PRODUCT_NAME = "$(TARGET_NAME)";
				PROVISIONING_PROFILE_SPECIFIER = "";
				SWIFT_VERSION = 5.0;
				TARGETED_DEVICE_FAMILY = 1;
			};
			name = Debug;
		};
		7DADB3C5269B478E0041156D /* Release */ = {
			isa = XCBuildConfiguration;
			buildSettings = {
				ASSETCATALOG_COMPILER_APPICON_NAME = AppIcon;
				ASSETCATALOG_COMPILER_GLOBAL_ACCENT_COLOR_NAME = AccentColor;
				CODE_SIGN_IDENTITY = "Apple Development";
				CODE_SIGN_STYLE = Automatic;
				DEVELOPMENT_TEAM = PK5GMP355X;
				INFOPLIST_FILE = "FinBook/Supporting Files/Info.plist";
				IPHONEOS_DEPLOYMENT_TARGET = 15.0;
				LD_RUNPATH_SEARCH_PATHS = (
					"$(inherited)",
					"@executable_path/Frameworks",
				);
				PRODUCT_BUNDLE_IDENTIFIER = com.Kelevra;
				PRODUCT_NAME = "$(TARGET_NAME)";
				PROVISIONING_PROFILE_SPECIFIER = "";
				SWIFT_VERSION = 5.0;
				TARGETED_DEVICE_FAMILY = 1;
			};
			name = Release;
		};
/* End XCBuildConfiguration section */

/* Begin XCConfigurationList section */
		7DAD7E6C27F8B585009AE1BD /* Build configuration list for PBXNativeTarget "FinBookTests" */ = {
			isa = XCConfigurationList;
			buildConfigurations = (
				7DAD7E6A27F8B585009AE1BD /* Debug */,
				7DAD7E6B27F8B585009AE1BD /* Release */,
			);
			defaultConfigurationIsVisible = 0;
			defaultConfigurationName = Release;
		};
		7DAD7E7727F8E26E009AE1BD /* Build configuration list for PBXNativeTarget "DataFilteringServiceTests" */ = {
			isa = XCConfigurationList;
			buildConfigurations = (
				7DAD7E7827F8E26E009AE1BD /* Debug */,
				7DAD7E7927F8E26E009AE1BD /* Release */,
			);
			defaultConfigurationIsVisible = 0;
			defaultConfigurationName = Release;
		};
		7DADB3A7269B478C0041156D /* Build configuration list for PBXProject "FinBook" */ = {
			isa = XCConfigurationList;
			buildConfigurations = (
				7DADB3C1269B478E0041156D /* Debug */,
				7DADB3C2269B478E0041156D /* Release */,
			);
			defaultConfigurationIsVisible = 0;
			defaultConfigurationName = Release;
		};
		7DADB3C3269B478E0041156D /* Build configuration list for PBXNativeTarget "FinBook" */ = {
			isa = XCConfigurationList;
			buildConfigurations = (
				7DADB3C4269B478E0041156D /* Debug */,
				7DADB3C5269B478E0041156D /* Release */,
			);
			defaultConfigurationIsVisible = 0;
			defaultConfigurationName = Release;
		};
/* End XCConfigurationList section */

/* Begin XCVersionGroup section */
		7DADB3B8269B478C0041156D /* Transact.xcdatamodeld */ = {
			isa = XCVersionGroup;
			children = (
				7DADB3B9269B478C0041156D /* FinBook.xcdatamodel */,
			);
			currentVersion = 7DADB3B9269B478C0041156D /* FinBook.xcdatamodel */;
			path = Transact.xcdatamodeld;
			sourceTree = "<group>";
			versionGroupType = wrapper.xcdatamodel;
		};
/* End XCVersionGroup section */
	};
	rootObject = 7DADB3A4269B478C0041156D /* Project object */;
}
